
Microsoft Visual Studio Solution File, Format Version 12.00
# Visual Studio Version 17
VisualStudioVersion = 17.5.002.0
MinimumVisualStudioVersion = 10.0.40219.1
Project("{2150E333-8FDC-42A3-9474-1A3956D46DE8}") = "src", "src", "{62DE4B5C-C300-48D3-92E8-5A24B68ABB6E}"
EndProject
Project("{9A19103F-16F7-4668-BE54-9A1E7A4F7556}") = "DotlancheAuthentication", "src\DotlancheAuthentication\DotlancheAuthentication.csproj", "{52B46BB5-5E71-4AF8-ABD7-8D539FE06FCE}"
EndProject
Project("{2150E333-8FDC-42A3-9474-1A3956D46DE8}") = "test", "test", "{08993F8F-DADE-4522-8BE6-53678110D6F2}"
EndProject
Project("{9A19103F-16F7-4668-BE54-9A1E7A4F7556}") = "DotlancheAuthentication.Tests", "test\DotlancheAuthentication.Tests\DotlancheAuthentication.Tests.csproj", "{701DC89A-DEC0-480B-8872-C18F12430316}"
EndProject
Global
	GlobalSection(SolutionConfigurationPlatforms) = preSolution
		Debug|Any CPU = Debug|Any CPU
		Release|Any CPU = Release|Any CPU
	EndGlobalSection
	GlobalSection(ProjectConfigurationPlatforms) = postSolution
		{52B46BB5-5E71-4AF8-ABD7-8D539FE06FCE}.Debug|Any CPU.ActiveCfg = Debug|Any CPU
		{52B46BB5-5E71-4AF8-ABD7-8D539FE06FCE}.Debug|Any CPU.Build.0 = Debug|Any CPU
		{52B46BB5-5E71-4AF8-ABD7-8D539FE06FCE}.Release|Any CPU.ActiveCfg = Release|Any CPU
		{52B46BB5-5E71-4AF8-ABD7-8D539FE06FCE}.Release|Any CPU.Build.0 = Release|Any CPU
		{701DC89A-DEC0-480B-8872-C18F12430316}.Debug|Any CPU.ActiveCfg = Debug|Any CPU
		{701DC89A-DEC0-480B-8872-C18F12430316}.Debug|Any CPU.Build.0 = Debug|Any CPU
		{701DC89A-DEC0-480B-8872-C18F12430316}.Release|Any CPU.ActiveCfg = Release|Any CPU
		{701DC89A-DEC0-480B-8872-C18F12430316}.Release|Any CPU.Build.0 = Release|Any CPU
	EndGlobalSection
	GlobalSection(SolutionProperties) = preSolution
		HideSolutionNode = FALSE
	EndGlobalSection
	GlobalSection(NestedProjects) = preSolution
		{52B46BB5-5E71-4AF8-ABD7-8D539FE06FCE} = {62DE4B5C-C300-48D3-92E8-5A24B68ABB6E}
		{701DC89A-DEC0-480B-8872-C18F12430316} = {08993F8F-DADE-4522-8BE6-53678110D6F2}
	EndGlobalSection
	GlobalSection(ExtensibilityGlobals) = postSolution
		SolutionGuid = {07B2800C-3E00-4BAB-8304-46480A811B6C}
	EndGlobalSection
EndGlobal
